
Microsoft Visual Studio Solution File, Format Version 12.00
# Visual Studio 15
VisualStudioVersion = 15.0.28010.2050
MinimumVisualStudioVersion = 10.0.40219.1
Project("{FAE04EC0-301F-11D3-BF4B-00C04F79EFBC}") = "TestletFunctionality", "TestletFunctionality\TestletFunctionality.csproj", "{B5CAB526-25A3-44DF-882E-08D251E7AD82}"
EndProject
Project("{9A19103F-16F7-4668-BE54-9A1E7A4F7556}") = "TestletFunctionality.Tests", "TestletFunctionality.Tests\TestletFunctionality.Tests.csproj", "{D865ACD8-824F-48DE-B8A4-4D208214A329}"
EndProject
Global
	GlobalSection(SolutionConfigurationPlatforms) = preSolution
		Debug|Any CPU = Debug|Any CPU
		Release|Any CPU = Release|Any CPU
	EndGlobalSection
	GlobalSection(ProjectConfigurationPlatforms) = postSolution
		{B5CAB526-25A3-44DF-882E-08D251E7AD82}.Debug|Any CPU.ActiveCfg = Debug|Any CPU
		{B5CAB526-25A3-44DF-882E-08D251E7AD82}.Debug|Any CPU.Build.0 = Debug|Any CPU
		{B5CAB526-25A3-44DF-882E-08D251E7AD82}.Release|Any CPU.ActiveCfg = Release|Any CPU
		{B5CAB526-25A3-44DF-882E-08D251E7AD82}.Release|Any CPU.Build.0 = Release|Any CPU
		{D865ACD8-824F-48DE-B8A4-4D208214A329}.Debug|Any CPU.ActiveCfg = Debug|Any CPU
		{D865ACD8-824F-48DE-B8A4-4D208214A329}.Debug|Any CPU.Build.0 = Debug|Any CPU
		{D865ACD8-824F-48DE-B8A4-4D208214A329}.Release|Any CPU.ActiveCfg = Release|Any CPU
		{D865ACD8-824F-48DE-B8A4-4D208214A329}.Release|Any CPU.Build.0 = Release|Any CPU
	EndGlobalSection
	GlobalSection(SolutionProperties) = preSolution
		HideSolutionNode = FALSE
	EndGlobalSection
	GlobalSection(ExtensibilityGlobals) = postSolution
		SolutionGuid = {BF47963A-D7FB-4A22-B615-EA4EB16168B9}
	EndGlobalSection
EndGlobal
